
Microsoft Visual Studio Solution File, Format Version 12.00
# Visual Studio 2013
VisualStudioVersion = 12.0.21005.1
MinimumVisualStudioVersion = 10.0.40219.1
Project("{9092AA53-FB77-4645-B42D-1CCCA6BD08BD}") = "NodejsWebApp1", "NodejsWebApp1\NodejsWebApp1.njsproj", "{ACA5A01B-9CBB-49A0-BDDE-FD96617BB214}"
EndProject
Global
	GlobalSection(SolutionConfigurationPlatforms) = preSolution
		Debug|Any CPU = Debug|Any CPU
		Release|Any CPU = Release|Any CPU
	EndGlobalSection
	GlobalSection(ProjectConfigurationPlatforms) = postSolution
		{ACA5A01B-9CBB-49A0-BDDE-FD96617BB214}.Debug|Any CPU.ActiveCfg = Debug|Any CPU
		{ACA5A01B-9CBB-49A0-BDDE-FD96617BB214}.Debug|Any CPU.Build.0 = Debug|Any CPU
		{ACA5A01B-9CBB-49A0-BDDE-FD96617BB214}.Release|Any CPU.ActiveCfg = Release|Any CPU
		{ACA5A01B-9CBB-49A0-BDDE-FD96617BB214}.Release|Any CPU.Build.0 = Release|Any CPU
	EndGlobalSection
	GlobalSection(SolutionProperties) = preSolution
		HideSolutionNode = FALSE
	EndGlobalSection
EndGlobal
